
Microsoft Visual Studio Solution File, Format Version 12.00
# Visual Studio Version 17
VisualStudioVersion = 17.3.32901.215
MinimumVisualStudioVersion = 10.0.40219.1
Project("{9A19103F-16F7-4668-BE54-9A1E7A4F7556}") = "T01", "T01\T01.csproj", "{A9DDD39E-8545-40CD-8B45-1886732CC87F}"
EndProject
Project("{9A19103F-16F7-4668-BE54-9A1E7A4F7556}") = "T02", "T02\T02.csproj", "{ADFA3373-C79A-4B53-842F-301723A9C7A0}"
EndProject
Project("{9A19103F-16F7-4668-BE54-9A1E7A4F7556}") = "T03", "T03\T03.csproj", "{0975EBEB-B9FF-4F0A-80A1-27E7F2A3BDF1}"
EndProject
Project("{9A19103F-16F7-4668-BE54-9A1E7A4F7556}") = "T04", "T04\T04.csproj", "{23D01E7E-9527-4F52-8420-04E286C3207C}"
EndProject
Project("{9A19103F-16F7-4668-BE54-9A1E7A4F7556}") = "T05", "T05\T05.csproj", "{39772C5F-BB8F-4F29-9C21-68FA50A14F36}"
EndProject
Project("{9A19103F-16F7-4668-BE54-9A1E7A4F7556}") = "T06", "T06\T06.csproj", "{50E4897E-1A56-462C-8E24-4D4262F0C39A}"
EndProject
Project("{2150E333-8FDC-42A3-9474-1A3956D46DE8}") = "Условен оператор и оператор за многовариантен избор", "Условен оператор и оператор за многовариантен избор", "{BC1410FB-A67D-4A09-9F01-C6F7FFBE7665}"
EndProject
Project("{9A19103F-16F7-4668-BE54-9A1E7A4F7556}") = "F02_T01", "F02_T01\F02_T01.csproj", "{C15594D6-CD3F-452F-BF01-90598D2E1E9C}"
EndProject
Project("{9A19103F-16F7-4668-BE54-9A1E7A4F7556}") = "F02_T02", "F02_T02\F02_T02.csproj", "{DA71F04E-426E-4719-BCD0-121BA1C48E74}"
EndProject
Project("{9A19103F-16F7-4668-BE54-9A1E7A4F7556}") = "F02_T03", "F02_T03\F02_T03.csproj", "{C2946800-FAB3-4C50-9D78-02A5538849BE}"
EndProject
Project("{9A19103F-16F7-4668-BE54-9A1E7A4F7556}") = "F02_T04", "F02_T04\F02_T04.csproj", "{86F5CAEA-7006-4B72-9DDE-CF783E79D11E}"
EndProject
Project("{9A19103F-16F7-4668-BE54-9A1E7A4F7556}") = "F02_T06", "F02_T06\F02_T06.csproj", "{DBEB40C8-8209-4F4F-AA70-4B5D2604742D}"
EndProject
Project("{2150E333-8FDC-42A3-9474-1A3956D46DE8}") = "Домашна работа", "Домашна работа", "{2BF218C1-A29C-4BFD-AA47-118B29DE4E8A}"
EndProject
Project("{9A19103F-16F7-4668-BE54-9A1E7A4F7556}") = "F03_T01", "F03_T01\F03_T01.csproj", "{F01AE679-A4A3-426B-ACEE-2ADD39C55ED3}"
EndProject
Project("{9A19103F-16F7-4668-BE54-9A1E7A4F7556}") = "F03_T02", "F03_T02\F03_T02.csproj", "{A86947E7-6720-4E10-BA07-D94B52CACFAC}"
EndProject
Project("{9A19103F-16F7-4668-BE54-9A1E7A4F7556}") = "F03_T03", "F03_T03\F03_T03.csproj", "{865D777D-21CD-468B-AF34-98EB200D330D}"
EndProject
Project("{9A19103F-16F7-4668-BE54-9A1E7A4F7556}") = "F03_T04", "F03_T04\F03_T04.csproj", "{5F4E711F-67E4-4D8C-901D-27C534B00DE6}"
EndProject
Project("{9A19103F-16F7-4668-BE54-9A1E7A4F7556}") = "F03_T05", "F03_T05\F03_T05.csproj", "{39C86808-F50A-4112-859F-A26F6FE7BC01}"
EndProject
Project("{9A19103F-16F7-4668-BE54-9A1E7A4F7556}") = "F03_T06", "F03_T06\F03_T06.csproj", "{CE1A2190-808E-4EC7-B99E-76373A679B6A}"
EndProject
Project("{9A19103F-16F7-4668-BE54-9A1E7A4F7556}") = "F03_T08", "F03_T07\F03_T08.csproj", "{62F5459E-9551-4D3C-8B7C-CD5A03EB50D2}"
EndProject
Project("{9A19103F-16F7-4668-BE54-9A1E7A4F7556}") = "F03_T09", "F03_T09\F03_T09.csproj", "{06F8FF13-0F23-4698-87ED-D1D112176F4C}"
EndProject
Project("{9A19103F-16F7-4668-BE54-9A1E7A4F7556}") = "F03_T10", "F03_T10\F03_T10.csproj", "{CE6A9B35-7F12-4D63-AC84-B8AAA171FEA6}"
EndProject
Project("{9A19103F-16F7-4668-BE54-9A1E7A4F7556}") = "F03_T11", "F03_T11\F03_T11.csproj", "{209E6497-C4E4-465D-AB26-90A68D8395FD}"
EndProject
Project("{9A19103F-16F7-4668-BE54-9A1E7A4F7556}") = "F03_T14", "F03_T14\F03_T14.csproj", "{3EE4D9A5-27A1-4CFA-A2DF-3326947E1394}"
EndProject
Project("{2150E333-8FDC-42A3-9474-1A3956D46DE8}") = "Линейни алгоритми", "Линейни алгоритми", "{46299628-3162-4DBA-8F4C-5B091AC8E7B5}"
EndProject
Project("{9A19103F-16F7-4668-BE54-9A1E7A4F7556}") = "Zad1", "Zad1\Zad1.csproj", "{837128EA-F9E4-41E3-8C5B-AE1661F8EC84}"
EndProject
Project("{9A19103F-16F7-4668-BE54-9A1E7A4F7556}") = "Zad6", "Zad6\Zad6.csproj", "{CF1F46DF-8931-4674-B08A-AAAE2E8B1854}"
EndProject
Project("{9A19103F-16F7-4668-BE54-9A1E7A4F7556}") = "Zad7", "Zad7\Zad7.csproj", "{063C89B5-2FC2-48CD-A107-D7D810043686}"
EndProject
Project("{9A19103F-16F7-4668-BE54-9A1E7A4F7556}") = "Zad5", "Zad5\Zad5.csproj", "{06533933-28EC-4396-96D7-647116189F7C}"
EndProject
Project("{9A19103F-16F7-4668-BE54-9A1E7A4F7556}") = "Zad3", "Zad3\Zad3.csproj", "{512443BF-4849-42AC-8E12-E5C7FD4CFBE6}"
EndProject
Project("{9A19103F-16F7-4668-BE54-9A1E7A4F7556}") = "Zad4.1", "Zad4.1\Zad4.1.csproj", "{DE8832C9-C92F-42A3-9F4D-3679579137FF}"
EndProject
Project("{9A19103F-16F7-4668-BE54-9A1E7A4F7556}") = "Zad2", "Zad2\Zad2.csproj", "{D162FD94-7D83-42ED-9940-F16C3C19630E}"
EndProject
Project("{9A19103F-16F7-4668-BE54-9A1E7A4F7556}") = "Zad1.2", "Zad1.2\Zad1.2.csproj", "{48BE9CD5-FE70-4E35-A0ED-01E4BF849C83}"
EndProject
Project("{9A19103F-16F7-4668-BE54-9A1E7A4F7556}") = "Zad3.1", "Zad3.1\Zad3.1.csproj", "{9FAC41D9-6346-457E-AED5-77CEFA044717}"
EndProject
Project("{FAE04EC0-301F-11D3-BF4B-00C04F79EFBC}") = "Methods", "Methods\Methods.csproj", "{B1B9D4E4-6130-4625-8CE8-FFCC49FA6EEE}"
EndProject
Global
	GlobalSection(SolutionConfigurationPlatforms) = preSolution
		Debug|Any CPU = Debug|Any CPU
		Release|Any CPU = Release|Any CPU
	EndGlobalSection
	GlobalSection(ProjectConfigurationPlatforms) = postSolution
		{A9DDD39E-8545-40CD-8B45-1886732CC87F}.Debug|Any CPU.ActiveCfg = Debug|Any CPU
		{A9DDD39E-8545-40CD-8B45-1886732CC87F}.Debug|Any CPU.Build.0 = Debug|Any CPU
		{A9DDD39E-8545-40CD-8B45-1886732CC87F}.Release|Any CPU.ActiveCfg = Release|Any CPU
		{A9DDD39E-8545-40CD-8B45-1886732CC87F}.Release|Any CPU.Build.0 = Release|Any CPU
		{ADFA3373-C79A-4B53-842F-301723A9C7A0}.Debug|Any CPU.ActiveCfg = Debug|Any CPU
		{ADFA3373-C79A-4B53-842F-301723A9C7A0}.Debug|Any CPU.Build.0 = Debug|Any CPU
		{ADFA3373-C79A-4B53-842F-301723A9C7A0}.Release|Any CPU.ActiveCfg = Release|Any CPU
		{ADFA3373-C79A-4B53-842F-301723A9C7A0}.Release|Any CPU.Build.0 = Release|Any CPU
		{0975EBEB-B9FF-4F0A-80A1-27E7F2A3BDF1}.Debug|Any CPU.ActiveCfg = Debug|Any CPU
		{0975EBEB-B9FF-4F0A-80A1-27E7F2A3BDF1}.Debug|Any CPU.Build.0 = Debug|Any CPU
		{0975EBEB-B9FF-4F0A-80A1-27E7F2A3BDF1}.Release|Any CPU.ActiveCfg = Release|Any CPU
		{0975EBEB-B9FF-4F0A-80A1-27E7F2A3BDF1}.Release|Any CPU.Build.0 = Release|Any CPU
		{23D01E7E-9527-4F52-8420-04E286C3207C}.Debug|Any CPU.ActiveCfg = Debug|Any CPU
		{23D01E7E-9527-4F52-8420-04E286C3207C}.Debug|Any CPU.Build.0 = Debug|Any CPU
		{23D01E7E-9527-4F52-8420-04E286C3207C}.Release|Any CPU.ActiveCfg = Release|Any CPU
		{23D01E7E-9527-4F52-8420-04E286C3207C}.Release|Any CPU.Build.0 = Release|Any CPU
		{39772C5F-BB8F-4F29-9C21-68FA50A14F36}.Debug|Any CPU.ActiveCfg = Debug|Any CPU
		{39772C5F-BB8F-4F29-9C21-68FA50A14F36}.Debug|Any CPU.Build.0 = Debug|Any CPU
		{39772C5F-BB8F-4F29-9C21-68FA50A14F36}.Release|Any CPU.ActiveCfg = Release|Any CPU
		{39772C5F-BB8F-4F29-9C21-68FA50A14F36}.Release|Any CPU.Build.0 = Release|Any CPU
		{50E4897E-1A56-462C-8E24-4D4262F0C39A}.Debug|Any CPU.ActiveCfg = Debug|Any CPU
		{50E4897E-1A56-462C-8E24-4D4262F0C39A}.Debug|Any CPU.Build.0 = Debug|Any CPU
		{50E4897E-1A56-462C-8E24-4D4262F0C39A}.Release|Any CPU.ActiveCfg = Release|Any CPU
		{50E4897E-1A56-462C-8E24-4D4262F0C39A}.Release|Any CPU.Build.0 = Release|Any CPU
		{C15594D6-CD3F-452F-BF01-90598D2E1E9C}.Debug|Any CPU.ActiveCfg = Debug|Any CPU
		{C15594D6-CD3F-452F-BF01-90598D2E1E9C}.Debug|Any CPU.Build.0 = Debug|Any CPU
		{C15594D6-CD3F-452F-BF01-90598D2E1E9C}.Release|Any CPU.ActiveCfg = Release|Any CPU
		{C15594D6-CD3F-452F-BF01-90598D2E1E9C}.Release|Any CPU.Build.0 = Release|Any CPU
		{DA71F04E-426E-4719-BCD0-121BA1C48E74}.Debug|Any CPU.ActiveCfg = Debug|Any CPU
		{DA71F04E-426E-4719-BCD0-121BA1C48E74}.Debug|Any CPU.Build.0 = Debug|Any CPU
		{DA71F04E-426E-4719-BCD0-121BA1C48E74}.Release|Any CPU.ActiveCfg = Release|Any CPU
		{DA71F04E-426E-4719-BCD0-121BA1C48E74}.Release|Any CPU.Build.0 = Release|Any CPU
		{C2946800-FAB3-4C50-9D78-02A5538849BE}.Debug|Any CPU.ActiveCfg = Debug|Any CPU
		{C2946800-FAB3-4C50-9D78-02A5538849BE}.Debug|Any CPU.Build.0 = Debug|Any CPU
		{C2946800-FAB3-4C50-9D78-02A5538849BE}.Release|Any CPU.ActiveCfg = Release|Any CPU
		{C2946800-FAB3-4C50-9D78-02A5538849BE}.Release|Any CPU.Build.0 = Release|Any CPU
		{86F5CAEA-7006-4B72-9DDE-CF783E79D11E}.Debug|Any CPU.ActiveCfg = Debug|Any CPU
		{86F5CAEA-7006-4B72-9DDE-CF783E79D11E}.Debug|Any CPU.Build.0 = Debug|Any CPU
		{86F5CAEA-7006-4B72-9DDE-CF783E79D11E}.Release|Any CPU.ActiveCfg = Release|Any CPU
		{86F5CAEA-7006-4B72-9DDE-CF783E79D11E}.Release|Any CPU.Build.0 = Release|Any CPU
		{DBEB40C8-8209-4F4F-AA70-4B5D2604742D}.Debug|Any CPU.ActiveCfg = Debug|Any CPU
		{DBEB40C8-8209-4F4F-AA70-4B5D2604742D}.Debug|Any CPU.Build.0 = Debug|Any CPU
		{DBEB40C8-8209-4F4F-AA70-4B5D2604742D}.Release|Any CPU.ActiveCfg = Release|Any CPU
		{DBEB40C8-8209-4F4F-AA70-4B5D2604742D}.Release|Any CPU.Build.0 = Release|Any CPU
		{F01AE679-A4A3-426B-ACEE-2ADD39C55ED3}.Debug|Any CPU.ActiveCfg = Debug|Any CPU
		{F01AE679-A4A3-426B-ACEE-2ADD39C55ED3}.Debug|Any CPU.Build.0 = Debug|Any CPU
		{F01AE679-A4A3-426B-ACEE-2ADD39C55ED3}.Release|Any CPU.ActiveCfg = Release|Any CPU
		{F01AE679-A4A3-426B-ACEE-2ADD39C55ED3}.Release|Any CPU.Build.0 = Release|Any CPU
		{A86947E7-6720-4E10-BA07-D94B52CACFAC}.Debug|Any CPU.ActiveCfg = Debug|Any CPU
		{A86947E7-6720-4E10-BA07-D94B52CACFAC}.Debug|Any CPU.Build.0 = Debug|Any CPU
		{A86947E7-6720-4E10-BA07-D94B52CACFAC}.Release|Any CPU.ActiveCfg = Release|Any CPU
		{A86947E7-6720-4E10-BA07-D94B52CACFAC}.Release|Any CPU.Build.0 = Release|Any CPU
		{865D777D-21CD-468B-AF34-98EB200D330D}.Debug|Any CPU.ActiveCfg = Debug|Any CPU
		{865D777D-21CD-468B-AF34-98EB200D330D}.Debug|Any CPU.Build.0 = Debug|Any CPU
		{865D777D-21CD-468B-AF34-98EB200D330D}.Release|Any CPU.ActiveCfg = Release|Any CPU
		{865D777D-21CD-468B-AF34-98EB200D330D}.Release|Any CPU.Build.0 = Release|Any CPU
		{5F4E711F-67E4-4D8C-901D-27C534B00DE6}.Debug|Any CPU.ActiveCfg = Debug|Any CPU
		{5F4E711F-67E4-4D8C-901D-27C534B00DE6}.Debug|Any CPU.Build.0 = Debug|Any CPU
		{5F4E711F-67E4-4D8C-901D-27C534B00DE6}.Release|Any CPU.ActiveCfg = Release|Any CPU
		{5F4E711F-67E4-4D8C-901D-27C534B00DE6}.Release|Any CPU.Build.0 = Release|Any CPU
		{39C86808-F50A-4112-859F-A26F6FE7BC01}.Debug|Any CPU.ActiveCfg = Debug|Any CPU
		{39C86808-F50A-4112-859F-A26F6FE7BC01}.Debug|Any CPU.Build.0 = Debug|Any CPU
		{39C86808-F50A-4112-859F-A26F6FE7BC01}.Release|Any CPU.ActiveCfg = Release|Any CPU
		{39C86808-F50A-4112-859F-A26F6FE7BC01}.Release|Any CPU.Build.0 = Release|Any CPU
		{CE1A2190-808E-4EC7-B99E-76373A679B6A}.Debug|Any CPU.ActiveCfg = Debug|Any CPU
		{CE1A2190-808E-4EC7-B99E-76373A679B6A}.Debug|Any CPU.Build.0 = Debug|Any CPU
		{CE1A2190-808E-4EC7-B99E-76373A679B6A}.Release|Any CPU.ActiveCfg = Release|Any CPU
		{CE1A2190-808E-4EC7-B99E-76373A679B6A}.Release|Any CPU.Build.0 = Release|Any CPU
		{62F5459E-9551-4D3C-8B7C-CD5A03EB50D2}.Debug|Any CPU.ActiveCfg = Debug|Any CPU
		{62F5459E-9551-4D3C-8B7C-CD5A03EB50D2}.Debug|Any CPU.Build.0 = Debug|Any CPU
		{62F5459E-9551-4D3C-8B7C-CD5A03EB50D2}.Release|Any CPU.ActiveCfg = Release|Any CPU
		{62F5459E-9551-4D3C-8B7C-CD5A03EB50D2}.Release|Any CPU.Build.0 = Release|Any CPU
		{06F8FF13-0F23-4698-87ED-D1D112176F4C}.Debug|Any CPU.ActiveCfg = Debug|Any CPU
		{06F8FF13-0F23-4698-87ED-D1D112176F4C}.Debug|Any CPU.Build.0 = Debug|Any CPU
		{06F8FF13-0F23-4698-87ED-D1D112176F4C}.Release|Any CPU.ActiveCfg = Release|Any CPU
		{06F8FF13-0F23-4698-87ED-D1D112176F4C}.Release|Any CPU.Build.0 = Release|Any CPU
		{CE6A9B35-7F12-4D63-AC84-B8AAA171FEA6}.Debug|Any CPU.ActiveCfg = Debug|Any CPU
		{CE6A9B35-7F12-4D63-AC84-B8AAA171FEA6}.Debug|Any CPU.Build.0 = Debug|Any CPU
		{CE6A9B35-7F12-4D63-AC84-B8AAA171FEA6}.Release|Any CPU.ActiveCfg = Release|Any CPU
		{CE6A9B35-7F12-4D63-AC84-B8AAA171FEA6}.Release|Any CPU.Build.0 = Release|Any CPU
		{209E6497-C4E4-465D-AB26-90A68D8395FD}.Debug|Any CPU.ActiveCfg = Debug|Any CPU
		{209E6497-C4E4-465D-AB26-90A68D8395FD}.Debug|Any CPU.Build.0 = Debug|Any CPU
		{209E6497-C4E4-465D-AB26-90A68D8395FD}.Release|Any CPU.ActiveCfg = Release|Any CPU
		{209E6497-C4E4-465D-AB26-90A68D8395FD}.Release|Any CPU.Build.0 = Release|Any CPU
		{3EE4D9A5-27A1-4CFA-A2DF-3326947E1394}.Debug|Any CPU.ActiveCfg = Debug|Any CPU
		{3EE4D9A5-27A1-4CFA-A2DF-3326947E1394}.Debug|Any CPU.Build.0 = Debug|Any CPU
		{3EE4D9A5-27A1-4CFA-A2DF-3326947E1394}.Release|Any CPU.ActiveCfg = Release|Any CPU
		{3EE4D9A5-27A1-4CFA-A2DF-3326947E1394}.Release|Any CPU.Build.0 = Release|Any CPU
		{837128EA-F9E4-41E3-8C5B-AE1661F8EC84}.Debug|Any CPU.ActiveCfg = Debug|Any CPU
		{837128EA-F9E4-41E3-8C5B-AE1661F8EC84}.Debug|Any CPU.Build.0 = Debug|Any CPU
		{837128EA-F9E4-41E3-8C5B-AE1661F8EC84}.Release|Any CPU.ActiveCfg = Release|Any CPU
		{837128EA-F9E4-41E3-8C5B-AE1661F8EC84}.Release|Any CPU.Build.0 = Release|Any CPU
		{CF1F46DF-8931-4674-B08A-AAAE2E8B1854}.Debug|Any CPU.ActiveCfg = Debug|Any CPU
		{CF1F46DF-8931-4674-B08A-AAAE2E8B1854}.Debug|Any CPU.Build.0 = Debug|Any CPU
		{CF1F46DF-8931-4674-B08A-AAAE2E8B1854}.Release|Any CPU.ActiveCfg = Release|Any CPU
		{CF1F46DF-8931-4674-B08A-AAAE2E8B1854}.Release|Any CPU.Build.0 = Release|Any CPU
		{063C89B5-2FC2-48CD-A107-D7D810043686}.Debug|Any CPU.ActiveCfg = Debug|Any CPU
		{063C89B5-2FC2-48CD-A107-D7D810043686}.Debug|Any CPU.Build.0 = Debug|Any CPU
		{063C89B5-2FC2-48CD-A107-D7D810043686}.Release|Any CPU.ActiveCfg = Release|Any CPU
		{063C89B5-2FC2-48CD-A107-D7D810043686}.Release|Any CPU.Build.0 = Release|Any CPU
		{06533933-28EC-4396-96D7-647116189F7C}.Debug|Any CPU.ActiveCfg = Debug|Any CPU
		{06533933-28EC-4396-96D7-647116189F7C}.Debug|Any CPU.Build.0 = Debug|Any CPU
		{06533933-28EC-4396-96D7-647116189F7C}.Release|Any CPU.ActiveCfg = Release|Any CPU
		{06533933-28EC-4396-96D7-647116189F7C}.Release|Any CPU.Build.0 = Release|Any CPU
		{512443BF-4849-42AC-8E12-E5C7FD4CFBE6}.Debug|Any CPU.ActiveCfg = Debug|Any CPU
		{512443BF-4849-42AC-8E12-E5C7FD4CFBE6}.Debug|Any CPU.Build.0 = Debug|Any CPU
		{512443BF-4849-42AC-8E12-E5C7FD4CFBE6}.Release|Any CPU.ActiveCfg = Release|Any CPU
		{512443BF-4849-42AC-8E12-E5C7FD4CFBE6}.Release|Any CPU.Build.0 = Release|Any CPU
		{DE8832C9-C92F-42A3-9F4D-3679579137FF}.Debug|Any CPU.ActiveCfg = Debug|Any CPU
		{DE8832C9-C92F-42A3-9F4D-3679579137FF}.Debug|Any CPU.Build.0 = Debug|Any CPU
		{DE8832C9-C92F-42A3-9F4D-3679579137FF}.Release|Any CPU.ActiveCfg = Release|Any CPU
		{DE8832C9-C92F-42A3-9F4D-3679579137FF}.Release|Any CPU.Build.0 = Release|Any CPU
		{D162FD94-7D83-42ED-9940-F16C3C19630E}.Debug|Any CPU.ActiveCfg = Debug|Any CPU
		{D162FD94-7D83-42ED-9940-F16C3C19630E}.Debug|Any CPU.Build.0 = Debug|Any CPU
		{D162FD94-7D83-42ED-9940-F16C3C19630E}.Release|Any CPU.ActiveCfg = Release|Any CPU
		{D162FD94-7D83-42ED-9940-F16C3C19630E}.Release|Any CPU.Build.0 = Release|Any CPU
		{48BE9CD5-FE70-4E35-A0ED-01E4BF849C83}.Debug|Any CPU.ActiveCfg = Debug|Any CPU
		{48BE9CD5-FE70-4E35-A0ED-01E4BF849C83}.Debug|Any CPU.Build.0 = Debug|Any CPU
		{48BE9CD5-FE70-4E35-A0ED-01E4BF849C83}.Release|Any CPU.ActiveCfg = Release|Any CPU
		{48BE9CD5-FE70-4E35-A0ED-01E4BF849C83}.Release|Any CPU.Build.0 = Release|Any CPU
		{9FAC41D9-6346-457E-AED5-77CEFA044717}.Debug|Any CPU.ActiveCfg = Debug|Any CPU
		{9FAC41D9-6346-457E-AED5-77CEFA044717}.Debug|Any CPU.Build.0 = Debug|Any CPU
		{9FAC41D9-6346-457E-AED5-77CEFA044717}.Release|Any CPU.ActiveCfg = Release|Any CPU
		{9FAC41D9-6346-457E-AED5-77CEFA044717}.Release|Any CPU.Build.0 = Release|Any CPU
		{B1B9D4E4-6130-4625-8CE8-FFCC49FA6EEE}.Debug|Any CPU.ActiveCfg = Debug|Any CPU
		{B1B9D4E4-6130-4625-8CE8-FFCC49FA6EEE}.Debug|Any CPU.Build.0 = Debug|Any CPU
		{B1B9D4E4-6130-4625-8CE8-FFCC49FA6EEE}.Release|Any CPU.ActiveCfg = Release|Any CPU
		{B1B9D4E4-6130-4625-8CE8-FFCC49FA6EEE}.Release|Any CPU.Build.0 = Release|Any CPU
	EndGlobalSection
	GlobalSection(SolutionProperties) = preSolution
		HideSolutionNode = FALSE
	EndGlobalSection
	GlobalSection(NestedProjects) = preSolution
		{A9DDD39E-8545-40CD-8B45-1886732CC87F} = {BC1410FB-A67D-4A09-9F01-C6F7FFBE7665}
		{ADFA3373-C79A-4B53-842F-301723A9C7A0} = {BC1410FB-A67D-4A09-9F01-C6F7FFBE7665}
		{0975EBEB-B9FF-4F0A-80A1-27E7F2A3BDF1} = {BC1410FB-A67D-4A09-9F01-C6F7FFBE7665}
		{23D01E7E-9527-4F52-8420-04E286C3207C} = {BC1410FB-A67D-4A09-9F01-C6F7FFBE7665}
		{39772C5F-BB8F-4F29-9C21-68FA50A14F36} = {BC1410FB-A67D-4A09-9F01-C6F7FFBE7665}
		{50E4897E-1A56-462C-8E24-4D4262F0C39A} = {BC1410FB-A67D-4A09-9F01-C6F7FFBE7665}
		{C15594D6-CD3F-452F-BF01-90598D2E1E9C} = {2BF218C1-A29C-4BFD-AA47-118B29DE4E8A}
		{DA71F04E-426E-4719-BCD0-121BA1C48E74} = {2BF218C1-A29C-4BFD-AA47-118B29DE4E8A}
		{C2946800-FAB3-4C50-9D78-02A5538849BE} = {2BF218C1-A29C-4BFD-AA47-118B29DE4E8A}
		{86F5CAEA-7006-4B72-9DDE-CF783E79D11E} = {2BF218C1-A29C-4BFD-AA47-118B29DE4E8A}
		{DBEB40C8-8209-4F4F-AA70-4B5D2604742D} = {2BF218C1-A29C-4BFD-AA47-118B29DE4E8A}
		{F01AE679-A4A3-426B-ACEE-2ADD39C55ED3} = {46299628-3162-4DBA-8F4C-5B091AC8E7B5}
		{A86947E7-6720-4E10-BA07-D94B52CACFAC} = {46299628-3162-4DBA-8F4C-5B091AC8E7B5}
		{865D777D-21CD-468B-AF34-98EB200D330D} = {46299628-3162-4DBA-8F4C-5B091AC8E7B5}
		{5F4E711F-67E4-4D8C-901D-27C534B00DE6} = {46299628-3162-4DBA-8F4C-5B091AC8E7B5}
		{39C86808-F50A-4112-859F-A26F6FE7BC01} = {46299628-3162-4DBA-8F4C-5B091AC8E7B5}
		{CE1A2190-808E-4EC7-B99E-76373A679B6A} = {46299628-3162-4DBA-8F4C-5B091AC8E7B5}
		{62F5459E-9551-4D3C-8B7C-CD5A03EB50D2} = {46299628-3162-4DBA-8F4C-5B091AC8E7B5}
		{06F8FF13-0F23-4698-87ED-D1D112176F4C} = {46299628-3162-4DBA-8F4C-5B091AC8E7B5}
		{CE6A9B35-7F12-4D63-AC84-B8AAA171FEA6} = {46299628-3162-4DBA-8F4C-5B091AC8E7B5}
		{209E6497-C4E4-465D-AB26-90A68D8395FD} = {46299628-3162-4DBA-8F4C-5B091AC8E7B5}
		{3EE4D9A5-27A1-4CFA-A2DF-3326947E1394} = {46299628-3162-4DBA-8F4C-5B091AC8E7B5}
	EndGlobalSection
	GlobalSection(ExtensibilityGlobals) = postSolution
		SolutionGuid = {F051D3F3-9D4A-4866-9A08-F4DF95F62A5D}
	EndGlobalSection
EndGlobal
